// !$*UTF8*$!
{
	archiveVersion = 1;
	classes = {
	};
	objectVersion = 46;
	objects = {

/* Begin PBXBuildFile section */
		C308D22B1C0B1864009C90F8 /* main.swift in Sources */ = {isa = PBXBuildFile; fileRef = C308D22A1C0B1864009C90F8 /* main.swift */; };
		C308D2321C0B1889009C90F8 /* MyClass.swift in Sources */ = {isa = PBXBuildFile; fileRef = C308D2311C0B1889009C90F8 /* MyClass.swift */; };
		C308D2491C0B1B18009C90F8 /* CommandArguments.swift in Sources */ = {isa = PBXBuildFile; fileRef = C308D2361C0B1B18009C90F8 /* CommandArguments.swift */; };
		C308D24A1C0B1B18009C90F8 /* Options.swift in Sources */ = {isa = PBXBuildFile; fileRef = C308D2371C0B1B18009C90F8 /* Options.swift */; };
		C308D24B1C0B1B18009C90F8 /* RawArguments.swift in Sources */ = {isa = PBXBuildFile; fileRef = C308D2381C0B1B18009C90F8 /* RawArguments.swift */; };
		C308D24C1C0B1B18009C90F8 /* CLI.swift in Sources */ = {isa = PBXBuildFile; fileRef = C308D23A1C0B1B18009C90F8 /* CLI.swift */; };
		C308D24D1C0B1B18009C90F8 /* CommandSignature.swift in Sources */ = {isa = PBXBuildFile; fileRef = C308D23B1C0B1B18009C90F8 /* CommandSignature.swift */; };
		C308D24E1C0B1B18009C90F8 /* Extensions.swift in Sources */ = {isa = PBXBuildFile; fileRef = C308D23C1C0B1B18009C90F8 /* Extensions.swift */; };
		C308D24F1C0B1B18009C90F8 /* Router.swift in Sources */ = {isa = PBXBuildFile; fileRef = C308D23D1C0B1B18009C90F8 /* Router.swift */; };
		C308D2501C0B1B18009C90F8 /* ChainableCommand.swift in Sources */ = {isa = PBXBuildFile; fileRef = C308D23F1C0B1B18009C90F8 /* ChainableCommand.swift */; };
		C308D2511C0B1B18009C90F8 /* Command.swift in Sources */ = {isa = PBXBuildFile; fileRef = C308D2401C0B1B18009C90F8 /* Command.swift */; };
		C308D2521C0B1B18009C90F8 /* CommandMessageGenerator.swift in Sources */ = {isa = PBXBuildFile; fileRef = C308D2411C0B1B18009C90F8 /* CommandMessageGenerator.swift */; };
		C308D2531C0B1B18009C90F8 /* LightweightCommand.swift in Sources */ = {isa = PBXBuildFile; fileRef = C308D2421C0B1B18009C90F8 /* LightweightCommand.swift */; };
		C308D2541C0B1B18009C90F8 /* HelpCommand.swift in Sources */ = {isa = PBXBuildFile; fileRef = C308D2441C0B1B18009C90F8 /* HelpCommand.swift */; };
		C308D2551C0B1B18009C90F8 /* VersionCommand.swift in Sources */ = {isa = PBXBuildFile; fileRef = C308D2451C0B1B18009C90F8 /* VersionCommand.swift */; };
		C308D2561C0B1B18009C90F8 /* Input.swift in Sources */ = {isa = PBXBuildFile; fileRef = C308D2471C0B1B18009C90F8 /* Input.swift */; };
		C308D2571C0B1B18009C90F8 /* Output.swift in Sources */ = {isa = PBXBuildFile; fileRef = C308D2481C0B1B18009C90F8 /* Output.swift */; };
		C308D25A1C0B1C91009C90F8 /* Commands.swift in Sources */ = {isa = PBXBuildFile; fileRef = C308D2591C0B1C91009C90F8 /* Commands.swift */; };
		C308D25D1C0B20D3009C90F8 /* Const.swift in Sources */ = {isa = PBXBuildFile; fileRef = C308D25C1C0B20D3009C90F8 /* Const.swift */; };
		C308D2631C0B34DF009C90F8 /* SwiftyJSON.swift in Sources */ = {isa = PBXBuildFile; fileRef = C308D2621C0B34DF009C90F8 /* SwiftyJSON.swift */; };
		C308D2671C0B3B0A009C90F8 /* Recipe.swift in Sources */ = {isa = PBXBuildFile; fileRef = C308D2661C0B3B0A009C90F8 /* Recipe.swift */; };
		C308D2691C0B3DD0009C90F8 /* GitManager.swift in Sources */ = {isa = PBXBuildFile; fileRef = C308D2681C0B3DD0009C90F8 /* GitManager.swift */; };
		C308D26C1C0B41D0009C90F8 /* FileManager.swift in Sources */ = {isa = PBXBuildFile; fileRef = C308D26B1C0B41D0009C90F8 /* FileManager.swift */; };
		C308D26F1C0B4977009C90F8 /* FaceBookCommands.swift in Sources */ = {isa = PBXBuildFile; fileRef = C308D26E1C0B4977009C90F8 /* FaceBookCommands.swift */; };
		C308D2721C0B54BE009C90F8 /* CSV.swift in Sources */ = {isa = PBXBuildFile; fileRef = C308D2711C0B54BE009C90F8 /* CSV.swift */; };
		C308D2761C0B668B009C90F8 /* CSwiftV.swift in Sources */ = {isa = PBXBuildFile; fileRef = C308D2751C0B668B009C90F8 /* CSwiftV.swift */; };
		C308D2781C0B6A8F009C90F8 /* Message.swift in Sources */ = {isa = PBXBuildFile; fileRef = C308D2771C0B6A8F009C90F8 /* Message.swift */; };
		C31E4E381C0CE05400536A74 /* Tasks.swift in Sources */ = {isa = PBXBuildFile; fileRef = C31E4E371C0CE05400536A74 /* Tasks.swift */; };
/* End PBXBuildFile section */

/* Begin PBXCopyFilesBuildPhase section */
		C308D2251C0B1864009C90F8 /* CopyFiles */ = {
			isa = PBXCopyFilesBuildPhase;
			buildActionMask = 2147483647;
			dstPath = /usr/share/man/man1/;
			dstSubfolderSpec = 0;
			files = (
			);
			runOnlyForDeploymentPostprocessing = 1;
		};
/* End PBXCopyFilesBuildPhase section */

/* Begin PBXFileReference section */
		C308D2271C0B1864009C90F8 /* SwiftCLI */ = {isa = PBXFileReference; explicitFileType = "compiled.mach-o.executable"; includeInIndex = 0; path = SwiftCLI; sourceTree = BUILT_PRODUCTS_DIR; };
		C308D22A1C0B1864009C90F8 /* main.swift */ = {isa = PBXFileReference; lastKnownFileType = sourcecode.swift; path = main.swift; sourceTree = "<group>"; };
		C308D2311C0B1889009C90F8 /* MyClass.swift */ = {isa = PBXFileReference; fileEncoding = 4; lastKnownFileType = sourcecode.swift; path = MyClass.swift; sourceTree = "<group>"; };
		C308D2361C0B1B18009C90F8 /* CommandArguments.swift */ = {isa = PBXFileReference; fileEncoding = 4; lastKnownFileType = sourcecode.swift; path = CommandArguments.swift; sourceTree = "<group>"; };
		C308D2371C0B1B18009C90F8 /* Options.swift */ = {isa = PBXFileReference; fileEncoding = 4; lastKnownFileType = sourcecode.swift; path = Options.swift; sourceTree = "<group>"; };
		C308D2381C0B1B18009C90F8 /* RawArguments.swift */ = {isa = PBXFileReference; fileEncoding = 4; lastKnownFileType = sourcecode.swift; path = RawArguments.swift; sourceTree = "<group>"; };
		C308D23A1C0B1B18009C90F8 /* CLI.swift */ = {isa = PBXFileReference; fileEncoding = 4; lastKnownFileType = sourcecode.swift; path = CLI.swift; sourceTree = "<group>"; };
		C308D23B1C0B1B18009C90F8 /* CommandSignature.swift */ = {isa = PBXFileReference; fileEncoding = 4; lastKnownFileType = sourcecode.swift; path = CommandSignature.swift; sourceTree = "<group>"; };
		C308D23C1C0B1B18009C90F8 /* Extensions.swift */ = {isa = PBXFileReference; fileEncoding = 4; lastKnownFileType = sourcecode.swift; path = Extensions.swift; sourceTree = "<group>"; };
		C308D23D1C0B1B18009C90F8 /* Router.swift */ = {isa = PBXFileReference; fileEncoding = 4; lastKnownFileType = sourcecode.swift; path = Router.swift; sourceTree = "<group>"; };
		C308D23F1C0B1B18009C90F8 /* ChainableCommand.swift */ = {isa = PBXFileReference; fileEncoding = 4; lastKnownFileType = sourcecode.swift; path = ChainableCommand.swift; sourceTree = "<group>"; };
		C308D2401C0B1B18009C90F8 /* Command.swift */ = {isa = PBXFileReference; fileEncoding = 4; lastKnownFileType = sourcecode.swift; path = Command.swift; sourceTree = "<group>"; };
		C308D2411C0B1B18009C90F8 /* CommandMessageGenerator.swift */ = {isa = PBXFileReference; fileEncoding = 4; lastKnownFileType = sourcecode.swift; path = CommandMessageGenerator.swift; sourceTree = "<group>"; };
		C308D2421C0B1B18009C90F8 /* LightweightCommand.swift */ = {isa = PBXFileReference; fileEncoding = 4; lastKnownFileType = sourcecode.swift; path = LightweightCommand.swift; sourceTree = "<group>"; };
		C308D2441C0B1B18009C90F8 /* HelpCommand.swift */ = {isa = PBXFileReference; fileEncoding = 4; lastKnownFileType = sourcecode.swift; path = HelpCommand.swift; sourceTree = "<group>"; };
		C308D2451C0B1B18009C90F8 /* VersionCommand.swift */ = {isa = PBXFileReference; fileEncoding = 4; lastKnownFileType = sourcecode.swift; path = VersionCommand.swift; sourceTree = "<group>"; };
		C308D2471C0B1B18009C90F8 /* Input.swift */ = {isa = PBXFileReference; fileEncoding = 4; lastKnownFileType = sourcecode.swift; path = Input.swift; sourceTree = "<group>"; };
		C308D2481C0B1B18009C90F8 /* Output.swift */ = {isa = PBXFileReference; fileEncoding = 4; lastKnownFileType = sourcecode.swift; path = Output.swift; sourceTree = "<group>"; };
		C308D2591C0B1C91009C90F8 /* Commands.swift */ = {isa = PBXFileReference; fileEncoding = 4; lastKnownFileType = sourcecode.swift; name = Commands.swift; path = CLICommands/Commands.swift; sourceTree = "<group>"; };
		C308D25C1C0B20D3009C90F8 /* Const.swift */ = {isa = PBXFileReference; fileEncoding = 4; lastKnownFileType = sourcecode.swift; path = Const.swift; sourceTree = "<group>"; };
		C308D2621C0B34DF009C90F8 /* SwiftyJSON.swift */ = {isa = PBXFileReference; fileEncoding = 4; lastKnownFileType = sourcecode.swift; name = SwiftyJSON.swift; path = SwiftCLI/Libraries/SwiftyJSON/SwiftyJSON.swift; sourceTree = "<group>"; };
		C308D2661C0B3B0A009C90F8 /* Recipe.swift */ = {isa = PBXFileReference; fileEncoding = 4; lastKnownFileType = sourcecode.swift; name = Recipe.swift; path = Models/Recipe/Recipe.swift; sourceTree = "<group>"; };
		C308D2681C0B3DD0009C90F8 /* GitManager.swift */ = {isa = PBXFileReference; fileEncoding = 4; lastKnownFileType = sourcecode.swift; name = GitManager.swift; path = GitManager/GitManager.swift; sourceTree = "<group>"; };
		C308D26B1C0B41D0009C90F8 /* FileManager.swift */ = {isa = PBXFileReference; fileEncoding = 4; lastKnownFileType = sourcecode.swift; name = FileManager.swift; path = FileManager/FileManager.swift; sourceTree = "<group>"; };
		C308D26E1C0B4977009C90F8 /* FaceBookCommands.swift */ = {isa = PBXFileReference; fileEncoding = 4; lastKnownFileType = sourcecode.swift; name = FaceBookCommands.swift; path = CLICommands/FaceBookCommands.swift; sourceTree = "<group>"; };
		C308D2711C0B54BE009C90F8 /* CSV.swift */ = {isa = PBXFileReference; fileEncoding = 4; lastKnownFileType = sourcecode.swift; name = CSV.swift; path = SwiftCLI/Libraries/SwiftCSV/CSV.swift; sourceTree = "<group>"; };
		C308D2751C0B668B009C90F8 /* CSwiftV.swift */ = {isa = PBXFileReference; fileEncoding = 4; lastKnownFileType = sourcecode.swift; name = CSwiftV.swift; path = SwiftCLI/Libraries/CSwiftV/CSwiftV.swift; sourceTree = "<group>"; };
		C308D2771C0B6A8F009C90F8 /* Message.swift */ = {isa = PBXFileReference; fileEncoding = 4; lastKnownFileType = sourcecode.swift; name = Message.swift; path = Models/Message/Message.swift; sourceTree = "<group>"; };
		C31E4E371C0CE05400536A74 /* Tasks.swift */ = {isa = PBXFileReference; fileEncoding = 4; lastKnownFileType = sourcecode.swift; name = Tasks.swift; path = Tasks/Tasks.swift; sourceTree = "<group>"; };
/* End PBXFileReference section */

/* Begin PBXFrameworksBuildPhase section */
		C308D2241C0B1864009C90F8 /* Frameworks */ = {
			isa = PBXFrameworksBuildPhase;
			buildActionMask = 2147483647;
			files = (
			);
			runOnlyForDeploymentPostprocessing = 0;
		};
/* End PBXFrameworksBuildPhase section */

/* Begin PBXGroup section */
		C308D21E1C0B1864009C90F8 = {
			isa = PBXGroup;
			children = (
				C308D2331C0B19F2009C90F8 /* Libraries */,
				C308D2291C0B1864009C90F8 /* SwiftCLI */,
				C308D2281C0B1864009C90F8 /* Products */,
			);
			sourceTree = "<group>";
		};
		C308D2281C0B1864009C90F8 /* Products */ = {
			isa = PBXGroup;
			children = (
				C308D2271C0B1864009C90F8 /* SwiftCLI */,
			);
			name = Products;
			sourceTree = "<group>";
		};
		C308D2291C0B1864009C90F8 /* SwiftCLI */ = {
			isa = PBXGroup;
			children = (
				C31E4E361C0CE04100536A74 /* Tasks */,
				C308D26A1C0B41BC009C90F8 /* FileManager */,
				C308D2641C0B3A5F009C90F8 /* Model */,
				C308D25E1C0B26A8009C90F8 /* GitManager */,
				C308D25B1C0B20C5009C90F8 /* Database */,
				C308D2581C0B1C60009C90F8 /* CLICommands */,
				C308D22A1C0B1864009C90F8 /* main.swift */,
				C308D2311C0B1889009C90F8 /* MyClass.swift */,
				C308D25C1C0B20D3009C90F8 /* Const.swift */,
			);
			path = SwiftCLI;
			sourceTree = "<group>";
		};
		C308D2331C0B19F2009C90F8 /* Libraries */ = {
			isa = PBXGroup;
			children = (
				C308D2741C0B6653009C90F8 /* CSwiftV */,
				C308D2701C0B54AA009C90F8 /* SwiftCSV */,
				C308D25F1C0B34AF009C90F8 /* SwiftyJSON */,
				C308D2341C0B1B18009C90F8 /* SwiftCLI */,
			);
			name = Libraries;
			sourceTree = "<group>";
		};
		C308D2341C0B1B18009C90F8 /* SwiftCLI */ = {
			isa = PBXGroup;
			children = (
				C308D2351C0B1B18009C90F8 /* Arguments */,
				C308D2391C0B1B18009C90F8 /* CLI */,
				C308D23E1C0B1B18009C90F8 /* Commands */,
				C308D2461C0B1B18009C90F8 /* IO */,
			);
			name = SwiftCLI;
			path = SwiftCLI/Libraries/SwiftCLI/SwiftCLI;
			sourceTree = "<group>";
		};
		C308D2351C0B1B18009C90F8 /* Arguments */ = {
			isa = PBXGroup;
			children = (
				C308D2361C0B1B18009C90F8 /* CommandArguments.swift */,
				C308D2371C0B1B18009C90F8 /* Options.swift */,
				C308D2381C0B1B18009C90F8 /* RawArguments.swift */,
			);
			path = Arguments;
			sourceTree = "<group>";
		};
		C308D2391C0B1B18009C90F8 /* CLI */ = {
			isa = PBXGroup;
			children = (
				C308D23A1C0B1B18009C90F8 /* CLI.swift */,
				C308D23B1C0B1B18009C90F8 /* CommandSignature.swift */,
				C308D23C1C0B1B18009C90F8 /* Extensions.swift */,
				C308D23D1C0B1B18009C90F8 /* Router.swift */,
			);
			path = CLI;
			sourceTree = "<group>";
		};
		C308D23E1C0B1B18009C90F8 /* Commands */ = {
			isa = PBXGroup;
			children = (
				C308D23F1C0B1B18009C90F8 /* ChainableCommand.swift */,
				C308D2401C0B1B18009C90F8 /* Command.swift */,
				C308D2411C0B1B18009C90F8 /* CommandMessageGenerator.swift */,
				C308D2421C0B1B18009C90F8 /* LightweightCommand.swift */,
				C308D2431C0B1B18009C90F8 /* Special */,
			);
			path = Commands;
			sourceTree = "<group>";
		};
		C308D2431C0B1B18009C90F8 /* Special */ = {
			isa = PBXGroup;
			children = (
				C308D2441C0B1B18009C90F8 /* HelpCommand.swift */,
				C308D2451C0B1B18009C90F8 /* VersionCommand.swift */,
			);
			path = Special;
			sourceTree = "<group>";
		};
		C308D2461C0B1B18009C90F8 /* IO */ = {
			isa = PBXGroup;
			children = (
				C308D2471C0B1B18009C90F8 /* Input.swift */,
				C308D2481C0B1B18009C90F8 /* Output.swift */,
			);
			path = IO;
			sourceTree = "<group>";
		};
		C308D2581C0B1C60009C90F8 /* CLICommands */ = {
			isa = PBXGroup;
			children = (
				C308D2591C0B1C91009C90F8 /* Commands.swift */,
				C308D26E1C0B4977009C90F8 /* FaceBookCommands.swift */,
			);
			name = CLICommands;
			sourceTree = "<group>";
		};
		C308D25B1C0B20C5009C90F8 /* Database */ = {
			isa = PBXGroup;
			children = (
			);
			name = Database;
			sourceTree = "<group>";
		};
		C308D25E1C0B26A8009C90F8 /* GitManager */ = {
			isa = PBXGroup;
			children = (
				C308D2681C0B3DD0009C90F8 /* GitManager.swift */,
			);
			name = GitManager;
			sourceTree = "<group>";
		};
		C308D25F1C0B34AF009C90F8 /* SwiftyJSON */ = {
			isa = PBXGroup;
			children = (
				C308D2621C0B34DF009C90F8 /* SwiftyJSON.swift */,
			);
			name = SwiftyJSON;
			sourceTree = "<group>";
		};
		C308D2641C0B3A5F009C90F8 /* Model */ = {
			isa = PBXGroup;
			children = (
				C308D2731C0B5BC8009C90F8 /* Facebook */,
				C308D2651C0B3AF0009C90F8 /* Recipe */,
			);
			name = Model;
			sourceTree = "<group>";
		};
		C308D2651C0B3AF0009C90F8 /* Recipe */ = {
			isa = PBXGroup;
			children = (
				C308D2661C0B3B0A009C90F8 /* Recipe.swift */,
			);
			name = Recipe;
			sourceTree = "<group>";
		};
		C308D26A1C0B41BC009C90F8 /* FileManager */ = {
			isa = PBXGroup;
			children = (
				C308D26B1C0B41D0009C90F8 /* FileManager.swift */,
			);
			name = FileManager;
			sourceTree = "<group>";
		};
		C308D2701C0B54AA009C90F8 /* SwiftCSV */ = {
			isa = PBXGroup;
			children = (
				C308D2711C0B54BE009C90F8 /* CSV.swift */,
			);
			name = SwiftCSV;
			sourceTree = "<group>";
		};
		C308D2731C0B5BC8009C90F8 /* Facebook */ = {
			isa = PBXGroup;
			children = (
				C308D2771C0B6A8F009C90F8 /* Message.swift */,
			);
			name = Facebook;
			sourceTree = "<group>";
		};
		C308D2741C0B6653009C90F8 /* CSwiftV */ = {
			isa = PBXGroup;
			children = (
				C308D2751C0B668B009C90F8 /* CSwiftV.swift */,
			);
			name = CSwiftV;
			sourceTree = "<group>";
		};
		C31E4E361C0CE04100536A74 /* Tasks */ = {
			isa = PBXGroup;
			children = (
				C31E4E371C0CE05400536A74 /* Tasks.swift */,
			);
			name = Tasks;
			sourceTree = "<group>";
		};
/* End PBXGroup section */

/* Begin PBXNativeTarget section */
		C308D2261C0B1864009C90F8 /* SwiftCLI */ = {
			isa = PBXNativeTarget;
			buildConfigurationList = C308D22E1C0B1864009C90F8 /* Build configuration list for PBXNativeTarget "SwiftCLI" */;
			buildPhases = (
				C308D2231C0B1864009C90F8 /* Sources */,
				C308D2241C0B1864009C90F8 /* Frameworks */,
				C308D2251C0B1864009C90F8 /* CopyFiles */,
				C308D26D1C0B47BB009C90F8 /* ShellScript */,
			);
			buildRules = (
			);
			dependencies = (
			);
			name = SwiftCLI;
			productName = SwiftCLI;
			productReference = C308D2271C0B1864009C90F8 /* SwiftCLI */;
			productType = "com.apple.product-type.tool";
		};
/* End PBXNativeTarget section */

/* Begin PBXProject section */
		C308D21F1C0B1864009C90F8 /* Project object */ = {
			isa = PBXProject;
			attributes = {
				LastSwiftUpdateCheck = 0710;
				LastUpgradeCheck = 0710;
				ORGANIZATIONNAME = "Anton Gregersen";
				TargetAttributes = {
					C308D2261C0B1864009C90F8 = {
						CreatedOnToolsVersion = 7.1.1;
					};
				};
			};
			buildConfigurationList = C308D2221C0B1864009C90F8 /* Build configuration list for PBXProject "SwiftCLI" */;
			compatibilityVersion = "Xcode 3.2";
			developmentRegion = English;
			hasScannedForEncodings = 0;
			knownRegions = (
				en,
			);
			mainGroup = C308D21E1C0B1864009C90F8;
			productRefGroup = C308D2281C0B1864009C90F8 /* Products */;
			projectDirPath = "";
			projectRoot = "";
			targets = (
				C308D2261C0B1864009C90F8 /* SwiftCLI */,
			);
		};
/* End PBXProject section */

/* Begin PBXShellScriptBuildPhase section */
		C308D26D1C0B47BB009C90F8 /* ShellScript */ = {
			isa = PBXShellScriptBuildPhase;
			buildActionMask = 2147483647;
			files = (
			);
			inputPaths = (
			);
			outputPaths = (
			);
			runOnlyForDeploymentPostprocessing = 0;
			shellPath = /bin/sh;
			shellScript = "lowercase_name=`echo $PRODUCT_NAME | tr '[A-Z]' '[a-z]'`\nnew_path=/usr/local/bin/$lowercase_name\n\nif [ ! -f $new_path ]; then ln -s \"$BUILT_PRODUCTS_DIR/$PRODUCT_NAME\" \"$new_path\";fi";
		};
/* End PBXShellScriptBuildPhase section */

/* Begin PBXSourcesBuildPhase section */
		C308D2231C0B1864009C90F8 /* Sources */ = {
			isa = PBXSourcesBuildPhase;
			buildActionMask = 2147483647;
			files = (
				C31E4E381C0CE05400536A74 /* Tasks.swift in Sources */,
				C308D2761C0B668B009C90F8 /* CSwiftV.swift in Sources */,
				C308D2571C0B1B18009C90F8 /* Output.swift in Sources */,
				C308D25D1C0B20D3009C90F8 /* Const.swift in Sources */,
				C308D25A1C0B1C91009C90F8 /* Commands.swift in Sources */,
				C308D2631C0B34DF009C90F8 /* SwiftyJSON.swift in Sources */,
				C308D2551C0B1B18009C90F8 /* VersionCommand.swift in Sources */,
				C308D24A1C0B1B18009C90F8 /* Options.swift in Sources */,
				C308D2321C0B1889009C90F8 /* MyClass.swift in Sources */,
				C308D24C1C0B1B18009C90F8 /* CLI.swift in Sources */,
				C308D2531C0B1B18009C90F8 /* LightweightCommand.swift in Sources */,
				C308D26C1C0B41D0009C90F8 /* FileManager.swift in Sources */,
				C308D2671C0B3B0A009C90F8 /* Recipe.swift in Sources */,
				C308D24E1C0B1B18009C90F8 /* Extensions.swift in Sources */,
				C308D2561C0B1B18009C90F8 /* Input.swift in Sources */,
				C308D26F1C0B4977009C90F8 /* FaceBookCommands.swift in Sources */,
				C308D2691C0B3DD0009C90F8 /* GitManager.swift in Sources */,
				C308D24F1C0B1B18009C90F8 /* Router.swift in Sources */,
				C308D2501C0B1B18009C90F8 /* ChainableCommand.swift in Sources */,
				C308D2721C0B54BE009C90F8 /* CSV.swift in Sources */,
				C308D2491C0B1B18009C90F8 /* CommandArguments.swift in Sources */,
				C308D2541C0B1B18009C90F8 /* HelpCommand.swift in Sources */,
				C308D2781C0B6A8F009C90F8 /* Message.swift in Sources */,
				C308D2521C0B1B18009C90F8 /* CommandMessageGenerator.swift in Sources */,
				C308D24B1C0B1B18009C90F8 /* RawArguments.swift in Sources */,
				C308D24D1C0B1B18009C90F8 /* CommandSignature.swift in Sources */,
				C308D2511C0B1B18009C90F8 /* Command.swift in Sources */,
				C308D22B1C0B1864009C90F8 /* main.swift in Sources */,
			);
			runOnlyForDeploymentPostprocessing = 0;
		};
/* End PBXSourcesBuildPhase section */

/* Begin XCBuildConfiguration section */
		C308D22C1C0B1864009C90F8 /* Debug */ = {
			isa = XCBuildConfiguration;
			buildSettings = {
				ALWAYS_SEARCH_USER_PATHS = NO;
				CLANG_CXX_LANGUAGE_STANDARD = "gnu++0x";
				CLANG_CXX_LIBRARY = "libc++";
				CLANG_ENABLE_MODULES = YES;
				CLANG_ENABLE_OBJC_ARC = YES;
				CLANG_WARN_BOOL_CONVERSION = YES;
				CLANG_WARN_CONSTANT_CONVERSION = YES;
				CLANG_WARN_DIRECT_OBJC_ISA_USAGE = YES_ERROR;
				CLANG_WARN_EMPTY_BODY = YES;
				CLANG_WARN_ENUM_CONVERSION = YES;
				CLANG_WARN_INT_CONVERSION = YES;
				CLANG_WARN_OBJC_ROOT_CLASS = YES_ERROR;
				CLANG_WARN_UNREACHABLE_CODE = YES;
				CLANG_WARN__DUPLICATE_METHOD_MATCH = YES;
				CODE_SIGN_IDENTITY = "-";
				COPY_PHASE_STRIP = NO;
				DEBUG_INFORMATION_FORMAT = dwarf;
				ENABLE_STRICT_OBJC_MSGSEND = YES;
				ENABLE_TESTABILITY = YES;
				GCC_C_LANGUAGE_STANDARD = gnu99;
				GCC_DYNAMIC_NO_PIC = NO;
				GCC_NO_COMMON_BLOCKS = YES;
				GCC_OPTIMIZATION_LEVEL = 0;
				GCC_PREPROCESSOR_DEFINITIONS = (
					"DEBUG=1",
					"$(inherited)",
				);
				GCC_WARN_64_TO_32_BIT_CONVERSION = YES;
				GCC_WARN_ABOUT_RETURN_TYPE = YES_ERROR;
				GCC_WARN_UNDECLARED_SELECTOR = YES;
				GCC_WARN_UNINITIALIZED_AUTOS = YES_AGGRESSIVE;
				GCC_WARN_UNUSED_FUNCTION = YES;
				GCC_WARN_UNUSED_VARIABLE = YES;
				MACOSX_DEPLOYMENT_TARGET = 10.11;
				MTL_ENABLE_DEBUG_INFO = YES;
				ONLY_ACTIVE_ARCH = YES;
				SDKROOT = macosx;
				SWIFT_OPTIMIZATION_LEVEL = "-Onone";
			};
			name = Debug;
		};
		C308D22D1C0B1864009C90F8 /* Release */ = {
			isa = XCBuildConfiguration;
			buildSettings = {
				ALWAYS_SEARCH_USER_PATHS = NO;
				CLANG_CXX_LANGUAGE_STANDARD = "gnu++0x";
				CLANG_CXX_LIBRARY = "libc++";
				CLANG_ENABLE_MODULES = YES;
				CLANG_ENABLE_OBJC_ARC = YES;
				CLANG_WARN_BOOL_CONVERSION = YES;
				CLANG_WARN_CONSTANT_CONVERSION = YES;
				CLANG_WARN_DIRECT_OBJC_ISA_USAGE = YES_ERROR;
				CLANG_WARN_EMPTY_BODY = YES;
				CLANG_WARN_ENUM_CONVERSION = YES;
				CLANG_WARN_INT_CONVERSION = YES;
				CLANG_WARN_OBJC_ROOT_CLASS = YES_ERROR;
				CLANG_WARN_UNREACHABLE_CODE = YES;
				CLANG_WARN__DUPLICATE_METHOD_MATCH = YES;
				CODE_SIGN_IDENTITY = "-";
				COPY_PHASE_STRIP = NO;
				DEBUG_INFORMATION_FORMAT = "dwarf-with-dsym";
				ENABLE_NS_ASSERTIONS = NO;
				ENABLE_STRICT_OBJC_MSGSEND = YES;
				GCC_C_LANGUAGE_STANDARD = gnu99;
				GCC_NO_COMMON_BLOCKS = YES;
				GCC_WARN_64_TO_32_BIT_CONVERSION = YES;
				GCC_WARN_ABOUT_RETURN_TYPE = YES_ERROR;
				GCC_WARN_UNDECLARED_SELECTOR = YES;
				GCC_WARN_UNINITIALIZED_AUTOS = YES_AGGRESSIVE;
				GCC_WARN_UNUSED_FUNCTION = YES;
				GCC_WARN_UNUSED_VARIABLE = YES;
				MACOSX_DEPLOYMENT_TARGET = 10.11;
				MTL_ENABLE_DEBUG_INFO = NO;
				SDKROOT = macosx;
			};
			name = Release;
		};
		C308D22F1C0B1864009C90F8 /* Debug */ = {
			isa = XCBuildConfiguration;
			buildSettings = {
				PRODUCT_NAME = "$(TARGET_NAME)";
			};
			name = Debug;
		};
		C308D2301C0B1864009C90F8 /* Release */ = {
			isa = XCBuildConfiguration;
			buildSettings = {
				PRODUCT_NAME = "$(TARGET_NAME)";
			};
			name = Release;
		};
/* End XCBuildConfiguration section */

/* Begin XCConfigurationList section */
		C308D2221C0B1864009C90F8 /* Build configuration list for PBXProject "SwiftCLI" */ = {
			isa = XCConfigurationList;
			buildConfigurations = (
				C308D22C1C0B1864009C90F8 /* Debug */,
				C308D22D1C0B1864009C90F8 /* Release */,
			);
			defaultConfigurationIsVisible = 0;
			defaultConfigurationName = Release;
		};
		C308D22E1C0B1864009C90F8 /* Build configuration list for PBXNativeTarget "SwiftCLI" */ = {
			isa = XCConfigurationList;
			buildConfigurations = (
				C308D22F1C0B1864009C90F8 /* Debug */,
				C308D2301C0B1864009C90F8 /* Release */,
			);
			defaultConfigurationIsVisible = 0;
			defaultConfigurationName = Release;
		};
/* End XCConfigurationList section */
	};
	rootObject = C308D21F1C0B1864009C90F8 /* Project object */;
}
